
Microsoft Visual Studio Solution File, Format Version 12.00
# Visual Studio Version 16
VisualStudioVersion = 16.0.29009.5
MinimumVisualStudioVersion = 10.0.40219.1
Project("{9A19103F-16F7-4668-BE54-9A1E7A4F7556}") = "GrpcServer", "GrpcServer\GrpcServer.csproj", "{80156991-4AAF-46AF-AE68-D0211564CB91}"
EndProject
Project("{9A19103F-16F7-4668-BE54-9A1E7A4F7556}") = "ZipArchiveExtensions", "ZipArchiveExtensions\ZipArchiveExtensions.csproj", "{8D536330-CB4B-4167-821D-694BFAD60FD5}"
EndProject
Global
	GlobalSection(SolutionConfigurationPlatforms) = preSolution
		Debug|Any CPU = Debug|Any CPU
		Release|Any CPU = Release|Any CPU
	EndGlobalSection
	GlobalSection(ProjectConfigurationPlatforms) = postSolution
		{80156991-4AAF-46AF-AE68-D0211564CB91}.Debug|Any CPU.ActiveCfg = Debug|Any CPU
		{80156991-4AAF-46AF-AE68-D0211564CB91}.Debug|Any CPU.Build.0 = Debug|Any CPU
		{80156991-4AAF-46AF-AE68-D0211564CB91}.Release|Any CPU.ActiveCfg = Release|Any CPU
		{80156991-4AAF-46AF-AE68-D0211564CB91}.Release|Any CPU.Build.0 = Release|Any CPU
		{8D536330-CB4B-4167-821D-694BFAD60FD5}.Debug|Any CPU.ActiveCfg = Debug|Any CPU
		{8D536330-CB4B-4167-821D-694BFAD60FD5}.Debug|Any CPU.Build.0 = Debug|Any CPU
		{8D536330-CB4B-4167-821D-694BFAD60FD5}.Release|Any CPU.ActiveCfg = Release|Any CPU
		{8D536330-CB4B-4167-821D-694BFAD60FD5}.Release|Any CPU.Build.0 = Release|Any CPU
	EndGlobalSection
	GlobalSection(SolutionProperties) = preSolution
		HideSolutionNode = FALSE
	EndGlobalSection
	GlobalSection(ExtensibilityGlobals) = postSolution
		SolutionGuid = {67865CD6-E15B-4DE0-9183-1F72792E1951}
	EndGlobalSection
EndGlobal
